<?xml version="1.0" encoding="utf-8"?>
<Project ToolsVersion="4.0" xmlns="http://schemas.microsoft.com/developer/msbuild/2003">
  <ItemGroup>
    <Filter Include="Source Files">
      <UniqueIdentifier>{4FC737F1-C7A5-4376-A066-2A32D752A2FF}</UniqueIdentifier>
      <Extensions>cpp;c;cc;cxx;c++;cppm;ixx;def;odl;idl;hpj;bat;asm;asmx</Extensions>
    </Filter>
    <Filter Include="Events">
      <UniqueIdentifier>{d283d307-bf0d-41d6-9631-92a700de7b6e}</UniqueIdentifier>
    </Filter>
    <Filter Include="Graphics">
      <UniqueIdentifier>{dfc9edae-d96c-4eb1-b9c2-dcdd1c5d369f}</UniqueIdentifier>
    </Filter>
    <Filter Include="Graphics\Shaders">
      <UniqueIdentifier>{351f00c2-1d39-44f0-aaf2-dd6c769685d7}</UniqueIdentifier>
    </Filter>
    <Filter Include="Resource Files">
      <UniqueIdentifier>{c9664e38-3c35-41a2-8b77-c5f342d7bee9}</UniqueIdentifier>
    </Filter>
    <Filter Include="Resource Files\Images">
      <UniqueIdentifier>{b0eb609c-62e6-486f-bff4-6b66356644ed}</UniqueIdentifier>
    </Filter>
    <Filter Include="Graphics\Tools">
      <UniqueIdentifier>{974df99a-5a43-45c2-85bd-5a8b355b2bb1}</UniqueIdentifier>
    </Filter>
  </ItemGroup>
  <ItemGroup>
    <ClCompile Include="main.cpp">
      <Filter>Source Files</Filter>
    </ClCompile>
    <ClCompile Include="Display.cpp">
      <Filter>Source Files</Filter>
    </ClCompile>
    <ClCompile Include="Event.cpp">
      <Filter>Events</Filter>
    </ClCompile>
    <ClCompile Include="KeyboardEvent.cpp">
      <Filter>Events</Filter>
    </ClCompile>
    <ClCompile Include="MouseEvent.cpp">
      <Filter>Events</Filter>
    </ClCompile>
    <ClCompile Include="DisplayEvent.cpp">
      <Filter>Events</Filter>
    </ClCompile>
    <ClCompile Include="Image.cpp">
      <Filter>Graphics</Filter>
    </ClCompile>
    <ClCompile Include="UIShader.cpp">
      <Filter>Graphics\Shaders</Filter>
    </ClCompile>
    <ClCompile Include="Shader.cpp">
      <Filter>Graphics\Shaders</Filter>
    </ClCompile>
    <ClCompile Include="stb_image.cpp">
      <Filter>Graphics\Tools</Filter>
    </ClCompile>
    <ClCompile Include="Texture.cpp">
      <Filter>Graphics\Tools</Filter>
    </ClCompile>
    <ClCompile Include="Transform.cpp">
      <Filter>Graphics\Tools</Filter>
    </ClCompile>
  </ItemGroup>
  <ItemGroup>
    <ClInclude Include="Display.h">
      <Filter>Source Files</Filter>
    </ClInclude>
    <ClInclude Include="Event.h">
      <Filter>Events</Filter>
    </ClInclude>
    <ClInclude Include="EventType.h">
      <Filter>Events</Filter>
    </ClInclude>
    <ClInclude Include="KeyboardEvent.h">
      <Filter>Events</Filter>
    </ClInclude>
    <ClInclude Include="MouseEvent.h">
      <Filter>Events</Filter>
    </ClInclude>
    <ClInclude Include="DisplayEvent.h">
      <Filter>Events</Filter>
    </ClInclude>
    <ClInclude Include="Image.h">
      <Filter>Graphics</Filter>
    </ClInclude>
    <ClInclude Include="UIShader.h">
      <Filter>Graphics\Shaders</Filter>
    </ClInclude>
    <ClInclude Include="resource.h">
      <Filter>Resource Files</Filter>
    </ClInclude>
    <ClInclude Include="Shader.h">
      <Filter>Graphics\Shaders</Filter>
    </ClInclude>
    <ClInclude Include="stb_image.h">
      <Filter>Graphics\Tools</Filter>
    </ClInclude>
    <ClInclude Include="Texture.h">
      <Filter>Graphics\Tools</Filter>
    </ClInclude>
    <ClInclude Include="Transform.h">
      <Filter>Graphics\Tools</Filter>
    </ClInclude>
  </ItemGroup>
  <ItemGroup>
    <ResourceCompile Include="Window Interface.rc">
      <Filter>Resource Files</Filter>
    </ResourceCompile>
  </ItemGroup>
  <ItemGroup>
    <Image Include="textures\mono.bmp">
      <Filter>Resource Files\Images</Filter>
    </Image>
    <Image Include="textures\test2.png">
      <Filter>Resource Files\Images</Filter>
    </Image>
  </ItemGroup>
</Project>